// !$*UTF8*$!
{
	archiveVersion = 1;
	classes = {
	};
	objectVersion = 50;
	objects = {

/* Begin PBXBuildFile section */
		D8D74B7E21D74F670016F8E3 /* AppDelegate.m in Sources */ = {isa = PBXBuildFile; fileRef = D8D74B7D21D74F670016F8E3 /* AppDelegate.m */; };
		D8D74B8121D74F670016F8E3 /* ViewController.m in Sources */ = {isa = PBXBuildFile; fileRef = D8D74B8021D74F670016F8E3 /* ViewController.m */; };
		D8D74B8421D74F670016F8E3 /* Main.storyboard in Resources */ = {isa = PBXBuildFile; fileRef = D8D74B8221D74F670016F8E3 /* Main.storyboard */; };
		D8D74B8721D74F670016F8E3 /* AutoAlertView.xcdatamodeld in Sources */ = {isa = PBXBuildFile; fileRef = D8D74B8521D74F670016F8E3 /* AutoAlertView.xcdatamodeld */; };
		D8D74B8921D74F690016F8E3 /* Assets.xcassets in Resources */ = {isa = PBXBuildFile; fileRef = D8D74B8821D74F690016F8E3 /* Assets.xcassets */; };
		D8D74B8C21D74F690016F8E3 /* LaunchScreen.storyboard in Resources */ = {isa = PBXBuildFile; fileRef = D8D74B8A21D74F690016F8E3 /* LaunchScreen.storyboard */; };
		D8D74B8F21D74F690016F8E3 /* main.m in Sources */ = {isa = PBXBuildFile; fileRef = D8D74B8E21D74F690016F8E3 /* main.m */; };
		D8D74B9C21D74FB30016F8E3 /* AutoAlertView.m in Sources */ = {isa = PBXBuildFile; fileRef = D8D74B9821D74FB30016F8E3 /* AutoAlertView.m */; };
		D8D74B9D21D74FB30016F8E3 /* NSString+LY.m in Sources */ = {isa = PBXBuildFile; fileRef = D8D74B9A21D74FB30016F8E3 /* NSString+LY.m */; };
		D8D74B9E21D74FB30016F8E3 /* UIView+MRExtension.m in Sources */ = {isa = PBXBuildFile; fileRef = D8D74B9B21D74FB30016F8E3 /* UIView+MRExtension.m */; };
		D8D74BA021D75FE10016F8E3 /* 20181229-153611.gif in Resources */ = {isa = PBXBuildFile; fileRef = D8D74B9F21D75FE10016F8E3 /* 20181229-153611.gif */; };
/* End PBXBuildFile section */

/* Begin PBXFileReference section */
		D8D74B7921D74F670016F8E3 /* AutoAlertView.app */ = {isa = PBXFileReference; explicitFileType = wrapper.application; includeInIndex = 0; path = AutoAlertView.app; sourceTree = BUILT_PRODUCTS_DIR; };
		D8D74B7C21D74F670016F8E3 /* AppDelegate.h */ = {isa = PBXFileReference; lastKnownFileType = sourcecode.c.h; path = AppDelegate.h; sourceTree = "<group>"; };
		D8D74B7D21D74F670016F8E3 /* AppDelegate.m */ = {isa = PBXFileReference; lastKnownFileType = sourcecode.c.objc; path = AppDelegate.m; sourceTree = "<group>"; };
		D8D74B7F21D74F670016F8E3 /* ViewController.h */ = {isa = PBXFileReference; lastKnownFileType = sourcecode.c.h; path = ViewController.h; sourceTree = "<group>"; };
		D8D74B8021D74F670016F8E3 /* ViewController.m */ = {isa = PBXFileReference; lastKnownFileType = sourcecode.c.objc; path = ViewController.m; sourceTree = "<group>"; };
		D8D74B8321D74F670016F8E3 /* Base */ = {isa = PBXFileReference; lastKnownFileType = file.storyboard; name = Base; path = Base.lproj/Main.storyboard; sourceTree = "<group>"; };
		D8D74B8621D74F670016F8E3 /* AutoAlertView.xcdatamodel */ = {isa = PBXFileReference; lastKnownFileType = wrapper.xcdatamodel; path = AutoAlertView.xcdatamodel; sourceTree = "<group>"; };
		D8D74B8821D74F690016F8E3 /* Assets.xcassets */ = {isa = PBXFileReference; lastKnownFileType = folder.assetcatalog; path = Assets.xcassets; sourceTree = "<group>"; };
		D8D74B8B21D74F690016F8E3 /* Base */ = {isa = PBXFileReference; lastKnownFileType = file.storyboard; name = Base; path = Base.lproj/LaunchScreen.storyboard; sourceTree = "<group>"; };
		D8D74B8D21D74F690016F8E3 /* Info.plist */ = {isa = PBXFileReference; lastKnownFileType = text.plist.xml; path = Info.plist; sourceTree = "<group>"; };
		D8D74B8E21D74F690016F8E3 /* main.m */ = {isa = PBXFileReference; lastKnownFileType = sourcecode.c.objc; path = main.m; sourceTree = "<group>"; };
		D8D74B9621D74FB30016F8E3 /* AutoAlertView.h */ = {isa = PBXFileReference; fileEncoding = 4; lastKnownFileType = sourcecode.c.h; path = AutoAlertView.h; sourceTree = "<group>"; };
		D8D74B9721D74FB30016F8E3 /* NSString+LY.h */ = {isa = PBXFileReference; fileEncoding = 4; lastKnownFileType = sourcecode.c.h; path = "NSString+LY.h"; sourceTree = "<group>"; };
		D8D74B9821D74FB30016F8E3 /* AutoAlertView.m */ = {isa = PBXFileReference; fileEncoding = 4; lastKnownFileType = sourcecode.c.objc; path = AutoAlertView.m; sourceTree = "<group>"; };
		D8D74B9921D74FB30016F8E3 /* UIView+MRExtension.h */ = {isa = PBXFileReference; fileEncoding = 4; lastKnownFileType = sourcecode.c.h; path = "UIView+MRExtension.h"; sourceTree = "<group>"; };
		D8D74B9A21D74FB30016F8E3 /* NSString+LY.m */ = {isa = PBXFileReference; fileEncoding = 4; lastKnownFileType = sourcecode.c.objc; path = "NSString+LY.m"; sourceTree = "<group>"; };
		D8D74B9B21D74FB30016F8E3 /* UIView+MRExtension.m */ = {isa = PBXFileReference; fileEncoding = 4; lastKnownFileType = sourcecode.c.objc; path = "UIView+MRExtension.m"; sourceTree = "<group>"; };
		D8D74B9F21D75FE10016F8E3 /* 20181229-153611.gif */ = {isa = PBXFileReference; lastKnownFileType = image.gif; path = "20181229-153611.gif"; sourceTree = "<group>"; };
/* End PBXFileReference section */

/* Begin PBXFrameworksBuildPhase section */
		D8D74B7621D74F670016F8E3 /* Frameworks */ = {
			isa = PBXFrameworksBuildPhase;
			buildActionMask = 2147483647;
			files = (
			);
			runOnlyForDeploymentPostprocessing = 0;
		};
/* End PBXFrameworksBuildPhase section */

/* Begin PBXGroup section */
		D8D74B7021D74F670016F8E3 = {
			isa = PBXGroup;
			children = (
				D8D74B7B21D74F670016F8E3 /* AutoAlertView */,
				D8D74B7A21D74F670016F8E3 /* Products */,
			);
			sourceTree = "<group>";
		};
		D8D74B7A21D74F670016F8E3 /* Products */ = {
			isa = PBXGroup;
			children = (
				D8D74B7921D74F670016F8E3 /* AutoAlertView.app */,
			);
			name = Products;
			sourceTree = "<group>";
		};
		D8D74B7B21D74F670016F8E3 /* AutoAlertView */ = {
			isa = PBXGroup;
			children = (
				D8D74B9F21D75FE10016F8E3 /* 20181229-153611.gif */,
				D8D74B9521D74FAA0016F8E3 /* Alert */,
				D8D74B7C21D74F670016F8E3 /* AppDelegate.h */,
				D8D74B7D21D74F670016F8E3 /* AppDelegate.m */,
				D8D74B7F21D74F670016F8E3 /* ViewController.h */,
				D8D74B8021D74F670016F8E3 /* ViewController.m */,
				D8D74B8221D74F670016F8E3 /* Main.storyboard */,
				D8D74B8821D74F690016F8E3 /* Assets.xcassets */,
				D8D74B8A21D74F690016F8E3 /* LaunchScreen.storyboard */,
				D8D74B8D21D74F690016F8E3 /* Info.plist */,
				D8D74B8E21D74F690016F8E3 /* main.m */,
				D8D74B8521D74F670016F8E3 /* AutoAlertView.xcdatamodeld */,
			);
			path = AutoAlertView;
			sourceTree = "<group>";
		};
		D8D74B9521D74FAA0016F8E3 /* Alert */ = {
			isa = PBXGroup;
			children = (
				D8D74B9621D74FB30016F8E3 /* AutoAlertView.h */,
				D8D74B9821D74FB30016F8E3 /* AutoAlertView.m */,
				D8D74B9721D74FB30016F8E3 /* NSString+LY.h */,
				D8D74B9A21D74FB30016F8E3 /* NSString+LY.m */,
				D8D74B9921D74FB30016F8E3 /* UIView+MRExtension.h */,
				D8D74B9B21D74FB30016F8E3 /* UIView+MRExtension.m */,
			);
			path = Alert;
			sourceTree = "<group>";
		};
/* End PBXGroup section */

/* Begin PBXNativeTarget section */
		D8D74B7821D74F670016F8E3 /* AutoAlertView */ = {
			isa = PBXNativeTarget;
			buildConfigurationList = D8D74B9221D74F690016F8E3 /* Build configuration list for PBXNativeTarget "AutoAlertView" */;
			buildPhases = (
				D8D74B7521D74F670016F8E3 /* Sources */,
				D8D74B7621D74F670016F8E3 /* Frameworks */,
				D8D74B7721D74F670016F8E3 /* Resources */,
			);
			buildRules = (
			);
			dependencies = (
			);
			name = AutoAlertView;
			productName = AutoAlertView;
			productReference = D8D74B7921D74F670016F8E3 /* AutoAlertView.app */;
			productType = "com.apple.product-type.application";
		};
/* End PBXNativeTarget section */

/* Begin PBXProject section */
		D8D74B7121D74F670016F8E3 /* Project object */ = {
			isa = PBXProject;
			attributes = {
				LastUpgradeCheck = 1010;
				ORGANIZATIONNAME = "贾倍";
				TargetAttributes = {
					D8D74B7821D74F670016F8E3 = {
						CreatedOnToolsVersion = 10.1;
					};
				};
			};
			buildConfigurationList = D8D74B7421D74F670016F8E3 /* Build configuration list for PBXProject "AutoAlertView" */;
			compatibilityVersion = "Xcode 9.3";
			developmentRegion = en;
			hasScannedForEncodings = 0;
			knownRegions = (
				en,
				Base,
			);
			mainGroup = D8D74B7021D74F670016F8E3;
			productRefGroup = D8D74B7A21D74F670016F8E3 /* Products */;
			projectDirPath = "";
			projectRoot = "";
			targets = (
				D8D74B7821D74F670016F8E3 /* AutoAlertView */,
			);
		};
/* End PBXProject section */

/* Begin PBXResourcesBuildPhase section */
		D8D74B7721D74F670016F8E3 /* Resources */ = {
			isa = PBXResourcesBuildPhase;
			buildActionMask = 2147483647;
			files = (
				D8D74B8C21D74F690016F8E3 /* LaunchScreen.storyboard in Resources */,
				D8D74B8921D74F690016F8E3 /* Assets.xcassets in Resources */,
				D8D74BA021D75FE10016F8E3 /* 20181229-153611.gif in Resources */,
				D8D74B8421D74F670016F8E3 /* Main.storyboard in Resources */,
			);
			runOnlyForDeploymentPostprocessing = 0;
		};
/* End PBXResourcesBuildPhase section */

/* Begin PBXSourcesBuildPhase section */
		D8D74B7521D74F670016F8E3 /* Sources */ = {
			isa = PBXSourcesBuildPhase;
			buildActionMask = 2147483647;
			files = (
				D8D74B8721D74F670016F8E3 /* AutoAlertView.xcdatamodeld in Sources */,
				D8D74B9E21D74FB30016F8E3 /* UIView+MRExtension.m in Sources */,
				D8D74B8121D74F670016F8E3 /* ViewController.m in Sources */,
				D8D74B8F21D74F690016F8E3 /* main.m in Sources */,
				D8D74B9C21D74FB30016F8E3 /* AutoAlertView.m in Sources */,
				D8D74B9D21D74FB30016F8E3 /* NSString+LY.m in Sources */,
				D8D74B7E21D74F670016F8E3 /* AppDelegate.m in Sources */,
			);
			runOnlyForDeploymentPostprocessing = 0;
		};
/* End PBXSourcesBuildPhase section */

/* Begin PBXVariantGroup section */
		D8D74B8221D74F670016F8E3 /* Main.storyboard */ = {
			isa = PBXVariantGroup;
			children = (
				D8D74B8321D74F670016F8E3 /* Base */,
			);
			name = Main.storyboard;
			sourceTree = "<group>";
		};
		D8D74B8A21D74F690016F8E3 /* LaunchScreen.storyboard */ = {
			isa = PBXVariantGroup;
			children = (
				D8D74B8B21D74F690016F8E3 /* Base */,
			);
			name = LaunchScreen.storyboard;
			sourceTree = "<group>";
		};
/* End PBXVariantGroup section */

/* Begin XCBuildConfiguration section */
		D8D74B9021D74F690016F8E3 /* Debug */ = {
			isa = XCBuildConfiguration;
			buildSettings = {
				ALWAYS_SEARCH_USER_PATHS = NO;
				CLANG_ANALYZER_NONNULL = YES;
				CLANG_ANALYZER_NUMBER_OBJECT_CONVERSION = YES_AGGRESSIVE;
				CLANG_CXX_LANGUAGE_STANDARD = "gnu++14";
				CLANG_CXX_LIBRARY = "libc++";
				CLANG_ENABLE_MODULES = YES;
				CLANG_ENABLE_OBJC_ARC = YES;
				CLANG_ENABLE_OBJC_WEAK = YES;
				CLANG_WARN_BLOCK_CAPTURE_AUTORELEASING = YES;
				CLANG_WARN_BOOL_CONVERSION = YES;
				CLANG_WARN_COMMA = YES;
				CLANG_WARN_CONSTANT_CONVERSION = YES;
				CLANG_WARN_DEPRECATED_OBJC_IMPLEMENTATIONS = YES;
				CLANG_WARN_DIRECT_OBJC_ISA_USAGE = YES_ERROR;
				CLANG_WARN_DOCUMENTATION_COMMENTS = YES;
				CLANG_WARN_EMPTY_BODY = YES;
				CLANG_WARN_ENUM_CONVERSION = YES;
				CLANG_WARN_INFINITE_RECURSION = YES;
				CLANG_WARN_INT_CONVERSION = YES;
				CLANG_WARN_NON_LITERAL_NULL_CONVERSION = YES;
				CLANG_WARN_OBJC_IMPLICIT_RETAIN_SELF = YES;
				CLANG_WARN_OBJC_LITERAL_CONVERSION = YES;
				CLANG_WARN_OBJC_ROOT_CLASS = YES_ERROR;
				CLANG_WARN_RANGE_LOOP_ANALYSIS = YES;
				CLANG_WARN_STRICT_PROTOTYPES = YES;
				CLANG_WARN_SUSPICIOUS_MOVE = YES;
				CLANG_WARN_UNGUARDED_AVAILABILITY = YES_AGGRESSIVE;
				CLANG_WARN_UNREACHABLE_CODE = YES;
				CLANG_WARN__DUPLICATE_METHOD_MATCH = YES;
				CODE_SIGN_IDENTITY = "iPhone Developer";
				COPY_PHASE_STRIP = NO;
				DEBUG_INFORMATION_FORMAT = dwarf;
				ENABLE_STRICT_OBJC_MSGSEND = YES;
				ENABLE_TESTABILITY = YES;
				GCC_C_LANGUAGE_STANDARD = gnu11;
				GCC_DYNAMIC_NO_PIC = NO;
				GCC_NO_COMMON_BLOCKS = YES;
				GCC_OPTIMIZATION_LEVEL = 0;
				GCC_PREPROCESSOR_DEFINITIONS = (
					"DEBUG=1",
					"$(inherited)",
				);
				GCC_WARN_64_TO_32_BIT_CONVERSION = YES;
				GCC_WARN_ABOUT_RETURN_TYPE = YES_ERROR;
				GCC_WARN_UNDECLARED_SELECTOR = YES;
				GCC_WARN_UNINITIALIZED_AUTOS = YES_AGGRESSIVE;
				GCC_WARN_UNUSED_FUNCTION = YES;
				GCC_WARN_UNUSED_VARIABLE = YES;
				IPHONEOS_DEPLOYMENT_TARGET = 12.1;
				MTL_ENABLE_DEBUG_INFO = INCLUDE_SOURCE;
				MTL_FAST_MATH = YES;
				ONLY_ACTIVE_ARCH = YES;
				SDKROOT = iphoneos;
			};
			name = Debug;
		};
		D8D74B9121D74F690016F8E3 /* Release */ = {
			isa = XCBuildConfiguration;
			buildSettings = {
				ALWAYS_SEARCH_USER_PATHS = NO;
				CLANG_ANALYZER_NONNULL = YES;
				CLANG_ANALYZER_NUMBER_OBJECT_CONVERSION = YES_AGGRESSIVE;
				CLANG_CXX_LANGUAGE_STANDARD = "gnu++14";
				CLANG_CXX_LIBRARY = "libc++";
				CLANG_ENABLE_MODULES = YES;
				CLANG_ENABLE_OBJC_ARC = YES;
				CLANG_ENABLE_OBJC_WEAK = YES;
				CLANG_WARN_BLOCK_CAPTURE_AUTORELEASING = YES;
				CLANG_WARN_BOOL_CONVERSION = YES;
				CLANG_WARN_COMMA = YES;
				CLANG_WARN_CONSTANT_CONVERSION = YES;
				CLANG_WARN_DEPRECATED_OBJC_IMPLEMENTATIONS = YES;
				CLANG_WARN_DIRECT_OBJC_ISA_USAGE = YES_ERROR;
				CLANG_WARN_DOCUMENTATION_COMMENTS = YES;
				CLANG_WARN_EMPTY_BODY = YES;
				CLANG_WARN_ENUM_CONVERSION = YES;
				CLANG_WARN_INFINITE_RECURSION = YES;
				CLANG_WARN_INT_CONVERSION = YES;
				CLANG_WARN_NON_LITERAL_NULL_CONVERSION = YES;
				CLANG_WARN_OBJC_IMPLICIT_RETAIN_SELF = YES;
				CLANG_WARN_OBJC_LITERAL_CONVERSION = YES;
				CLANG_WARN_OBJC_ROOT_CLASS = YES_ERROR;
				CLANG_WARN_RANGE_LOOP_ANALYSIS = YES;
				CLANG_WARN_STRICT_PROTOTYPES = YES;
				CLANG_WARN_SUSPICIOUS_MOVE = YES;
				CLANG_WARN_UNGUARDED_AVAILABILITY = YES_AGGRESSIVE;
				CLANG_WARN_UNREACHABLE_CODE = YES;
				CLANG_WARN__DUPLICATE_METHOD_MATCH = YES;
				CODE_SIGN_IDENTITY = "iPhone Developer";
				COPY_PHASE_STRIP = NO;
				DEBUG_INFORMATION_FORMAT = "dwarf-with-dsym";
				ENABLE_NS_ASSERTIONS = NO;
				ENABLE_STRICT_OBJC_MSGSEND = YES;
				GCC_C_LANGUAGE_STANDARD = gnu11;
				GCC_NO_COMMON_BLOCKS = YES;
				GCC_WARN_64_TO_32_BIT_CONVERSION = YES;
				GCC_WARN_ABOUT_RETURN_TYPE = YES_ERROR;
				GCC_WARN_UNDECLARED_SELECTOR = YES;
				GCC_WARN_UNINITIALIZED_AUTOS = YES_AGGRESSIVE;
				GCC_WARN_UNUSED_FUNCTION = YES;
				GCC_WARN_UNUSED_VARIABLE = YES;
				IPHONEOS_DEPLOYMENT_TARGET = 12.1;
				MTL_ENABLE_DEBUG_INFO = NO;
				MTL_FAST_MATH = YES;
				SDKROOT = iphoneos;
				VALIDATE_PRODUCT = YES;
			};
			name = Release;
		};
		D8D74B9321D74F690016F8E3 /* Debug */ = {
			isa = XCBuildConfiguration;
			buildSettings = {
				ASSETCATALOG_COMPILER_APPICON_NAME = AppIcon;
				CODE_SIGN_STYLE = Automatic;
				DEVELOPMENT_TEAM = 32XNZGJ9V5;
				INFOPLIST_FILE = AutoAlertView/Info.plist;
				LD_RUNPATH_SEARCH_PATHS = (
					"$(inherited)",
					"@executable_path/Frameworks",
				);
				PRODUCT_BUNDLE_IDENTIFIER = com.JARVIS.AutoAlertView;
				PRODUCT_NAME = "$(TARGET_NAME)";
				TARGETED_DEVICE_FAMILY = "1,2";
			};
			name = Debug;
		};
		D8D74B9421D74F690016F8E3 /* Release */ = {
			isa = XCBuildConfiguration;
			buildSettings = {
				ASSETCATALOG_COMPILER_APPICON_NAME = AppIcon;
				CODE_SIGN_STYLE = Automatic;
				DEVELOPMENT_TEAM = 32XNZGJ9V5;
				INFOPLIST_FILE = AutoAlertView/Info.plist;
				LD_RUNPATH_SEARCH_PATHS = (
					"$(inherited)",
					"@executable_path/Frameworks",
				);
				PRODUCT_BUNDLE_IDENTIFIER = com.JARVIS.AutoAlertView;
				PRODUCT_NAME = "$(TARGET_NAME)";
				TARGETED_DEVICE_FAMILY = "1,2";
			};
			name = Release;
		};
/* End XCBuildConfiguration section */

/* Begin XCConfigurationList section */
		D8D74B7421D74F670016F8E3 /* Build configuration list for PBXProject "AutoAlertView" */ = {
			isa = XCConfigurationList;
			buildConfigurations = (
				D8D74B9021D74F690016F8E3 /* Debug */,
				D8D74B9121D74F690016F8E3 /* Release */,
			);
			defaultConfigurationIsVisible = 0;
			defaultConfigurationName = Release;
		};
		D8D74B9221D74F690016F8E3 /* Build configuration list for PBXNativeTarget "AutoAlertView" */ = {
			isa = XCConfigurationList;
			buildConfigurations = (
				D8D74B9321D74F690016F8E3 /* Debug */,
				D8D74B9421D74F690016F8E3 /* Release */,
			);
			defaultConfigurationIsVisible = 0;
			defaultConfigurationName = Release;
		};
/* End XCConfigurationList section */

/* Begin XCVersionGroup section */
		D8D74B8521D74F670016F8E3 /* AutoAlertView.xcdatamodeld */ = {
			isa = XCVersionGroup;
			children = (
				D8D74B8621D74F670016F8E3 /* AutoAlertView.xcdatamodel */,
			);
			currentVersion = D8D74B8621D74F670016F8E3 /* AutoAlertView.xcdatamodel */;
			path = AutoAlertView.xcdatamodeld;
			sourceTree = "<group>";
			versionGroupType = wrapper.xcdatamodel;
		};
/* End XCVersionGroup section */
	};
	rootObject = D8D74B7121D74F670016F8E3 /* Project object */;
}
